schema: '2.0'
stages:
  preprocess:
    cmd: python pipeline/03_preprocess/run.py --input_artifact_name pipeline/01_data/census.csv
      --output_artifact_name pipeline/01_data/preprocessing_data.csv
    deps:
    - path: pipeline/01_data/census.csv
      md5: 145de00f6e6053d3f7044628f9a5b5ff
      size: 3974474
    - path: pipeline/03_preprocess/run.py
      md5: a2a3c2a5f9fbb10025b6c750d042f251
      size: 2448
    outs:
    - path: pipeline/01_data/preprocessing_data.csv
      md5: 4309856f7edb21206b5193724ff484b0
      size: 3515984
  datacheck:
    cmd: pytest pipeline/04_check_data -s -vv --sample_artifact pipeline/01_data/preprocessing_data.csv
      --param params.yaml
    deps:
    - path: pipeline/01_data/preprocessing_data.csv
      md5: 4309856f7edb21206b5193724ff484b0
      size: 3515984
    - path: pipeline/04_check_data/conftest.py
      md5: 94398d0fd7cc4b672c149fa874285921
      size: 1312
    - path: pipeline/04_check_data/test_data.py
      md5: ac83c844dc41b60d20d6cc91c6ef4d92
      size: 4058
    params:
      params.yaml:
        data.ks_alpha: 0.05
        data.reference_dataset: pipeline/01_data/preprocessing_data.csv
  segregate:
    cmd: python pipeline/05_segregate/run.py --input_artifact pipeline/01_data/preprocessing_data.csv
      --param params.yaml
    deps:
    - path: pipeline/01_data/preprocessing_data.csv
      md5: 4309856f7edb21206b5193724ff484b0
      size: 3515984
    - path: pipeline/05_segregate/run.py
      md5: 351af05afd551525988ebb29d7505762
      size: 2491
    params:
      params.yaml:
        data.stratify: salary
        data.test_size: 0.3
        main.random_seed: 42
    outs:
    - path: pipeline/01_data/test_data.csv
      md5: 63879402361c93a2ef2589ffb0f3f0bc
      size: 1054435
    - path: pipeline/01_data/train_data.csv
      md5: 41bf494a1a72935d10542c743ce8b06a
      size: 2461705
  train:
    cmd: python pipeline/06_train/run.py --train_data pipeline/01_data/train_data.csv
      --param params.yaml
    deps:
    - path: pipeline/01_data/train_data.csv
      md5: 41bf494a1a72935d10542c743ce8b06a
      size: 2461705
    - path: pipeline/06_train/helper.py
      md5: ade64663ecb74fde6ebade3f57cc2106
      size: 4625
    - path: pipeline/06_train/run.py
      md5: ff1e7ee87b32314438b0faf66311ce30
      size: 4856
    - path: pipeline/06_train/transformer_feature.py
      md5: dab0858a0c0a03d0d0799c5d5922a00e
      size: 4438
    params:
      params.yaml:
        data.stratify: salary
        data.val_size: 0.3
        main.random_seed: 42
        train.export_artifact: pipeline/01_data/model_export
    outs:
    - path: pipeline/01_data/encoder_export
      md5: c84ed6bd7e06ea14739c62ef12d16aa8
      size: 503
    - path: pipeline/01_data/model_export
      md5: 2d598e029b325a941cb609df3a6eb08a
      size: 77323
