schema: '2.0'
stages:
  preprocess:
    cmd: python pipeline/preprocess/run.py --input_artifact_name pipeline/data/census.csv
      --output_artifact_name pipeline/data/preprocessing_data.csv
    deps:
    - path: pipeline/data/census.csv
      md5: 145de00f6e6053d3f7044628f9a5b5ff
      size: 3974474
    - path: pipeline/preprocess/run.py
      md5: a2a3c2a5f9fbb10025b6c750d042f251
      size: 2448
    outs:
    - path: pipeline/data/preprocessing_data.csv
      md5: 4309856f7edb21206b5193724ff484b0
      size: 3515984
  datacheck:
    cmd: pytest pipeline/check_data -s -vv --sample_artifact pipeline/data/preprocessing_data.csv
      --param params.yaml
    deps:
    - path: pipeline/check_data/conftest.py
      md5: 94398d0fd7cc4b672c149fa874285921
      size: 1312
    - path: pipeline/check_data/test_data.py
      md5: ac83c844dc41b60d20d6cc91c6ef4d92
      size: 4058
    - path: pipeline/data/preprocessing_data.csv
      md5: 4309856f7edb21206b5193724ff484b0
      size: 3515984
    params:
      params.yaml:
        data.ks_alpha: 0.05
        data.reference_dataset: pipeline/data/preprocessing_data.csv
  segregate:
    cmd: python pipeline/segregate/run.py --input_artifact pipeline/data/preprocessing_data.csv
      --param params.yaml
    deps:
    - path: pipeline/data/preprocessing_data.csv
      md5: 4309856f7edb21206b5193724ff484b0
      size: 3515984
    - path: pipeline/segregate/run.py
      md5: fe82a79f188fee88489d08898ab2daca
      size: 2488
    params:
      params.yaml:
        data.stratify: salary
        data.test_size: 0.3
        main.random_seed: 42
    outs:
    - path: pipeline/data/test_data.csv
      md5: 63879402361c93a2ef2589ffb0f3f0bc
      size: 1054435
    - path: pipeline/data/train_data.csv
      md5: 41bf494a1a72935d10542c743ce8b06a
      size: 2461705
  train:
    cmd: python pipeline/train/run.py --train_data pipeline/data/train_data.csv --param
      params.yaml --score_file pipeline/data/train_scores.json
    deps:
    - path: pipeline/data/train_data.csv
      md5: 41bf494a1a72935d10542c743ce8b06a
      size: 2461705
    - path: pipeline/train/helper.py
      md5: e0d03a292e39fb0333acdbafbbcb182e
      size: 4574
    - path: pipeline/train/run.py
      md5: 662fa923b1f36087948126287261aa7b
      size: 5151
    - path: pipeline/train/transformer_feature.py
      md5: 0f343fbff734c59be52a8978d5e30761
      size: 4364
    params:
      params.yaml:
        data.stratify: salary
        data.val_size: 0.3
        main.random_seed: 42
        train.export_artifact: pipeline/data/model_export
    outs:
    - path: pipeline/data/encoder_export
      md5: c84ed6bd7e06ea14739c62ef12d16aa8
      size: 503
    - path: pipeline/data/model_export
      md5: b89f88fc5ac36c3d57cfebebcf504275
      size: 77329
    - path: pipeline/data/train_scores.json
      md5: 872c7f17fa299ac7e840e5733b9747de
      size: 139
  evaluate:
    cmd: python pipeline/evaluate/run.py --test_data pipeline/data/test_data.csv --model
      pipeline/data/model_export --encoder pipeline/data/encoder_export --score_file
      pipeline/data/test_scores.json --slice_file pipeline/data/slice_output.json
    deps:
    - path: pipeline/data/encoder_export
      md5: c84ed6bd7e06ea14739c62ef12d16aa8
      size: 503
    - path: pipeline/data/model_export
      md5: b89f88fc5ac36c3d57cfebebcf504275
      size: 77329
    - path: pipeline/data/test_data.csv
      md5: 63879402361c93a2ef2589ffb0f3f0bc
      size: 1054435
    - path: pipeline/evaluate/run.py
      md5: 71e229b65b9b103880cf701aae0a9450
      size: 4319
    - path: pipeline/train/helper.py
      md5: e0d03a292e39fb0333acdbafbbcb182e
      size: 4574
    - path: pipeline/train/transformer_feature.py
      md5: 0f343fbff734c59be52a8978d5e30761
      size: 4364
    outs:
    - path: pipeline/data/slice_output.json
      md5: 734f571d47c85cb34a0fece463db382d
      size: 20711
    - path: pipeline/data/test_scores.json
      md5: 80f218c728b63f57f0c64000b3c5376b
      size: 138
  check_model:
    cmd: pytest pipeline/check_model -s -vv --test_data pipeline/data/test_data.csv
      --model pipeline/data/model_export --encoder pipeline/data/encoder_export
    deps:
    - path: pipeline/check_model/conftest.py
      md5: 62c79c4aa04493171a2c231b228091c4
      size: 1504
    - path: pipeline/check_model/test_model.py
      md5: 62f6c817e5cadc79d329222251bc49df
      size: 975
    - path: pipeline/data/encoder_export
      md5: c84ed6bd7e06ea14739c62ef12d16aa8
      size: 503
    - path: pipeline/data/model_export
      md5: b89f88fc5ac36c3d57cfebebcf504275
      size: 77329
    - path: pipeline/data/test_data.csv
      md5: 63879402361c93a2ef2589ffb0f3f0bc
      size: 1054435
    - path: pipeline/train/transformer_feature.py
      md5: 0f343fbff734c59be52a8978d5e30761
      size: 4364
